
Microsoft Visual Studio Solution File, Format Version 12.00
# Visual Studio Version 17
VisualStudioVersion = 17.6.33815.320
MinimumVisualStudioVersion = 10.0.40219.1
Project("{FAE04EC0-301F-11D3-BF4B-00C04F79EFBC}") = "Authorization", "Authorization.csproj", "{25EC5E0C-ED2E-4106-A3F1-30D3DDD90EFB}"
EndProject
Global
	GlobalSection(SolutionConfigurationPlatforms) = preSolution
		Debug|Any CPU = Debug|Any CPU
		Release|Any CPU = Release|Any CPU
	EndGlobalSection
	GlobalSection(ProjectConfigurationPlatforms) = postSolution
		{25EC5E0C-ED2E-4106-A3F1-30D3DDD90EFB}.Debug|Any CPU.ActiveCfg = Debug|Any CPU
		{25EC5E0C-ED2E-4106-A3F1-30D3DDD90EFB}.Debug|Any CPU.Build.0 = Debug|Any CPU
		{25EC5E0C-ED2E-4106-A3F1-30D3DDD90EFB}.Release|Any CPU.ActiveCfg = Release|Any CPU
		{25EC5E0C-ED2E-4106-A3F1-30D3DDD90EFB}.Release|Any CPU.Build.0 = Release|Any CPU
	EndGlobalSection
	GlobalSection(SolutionProperties) = preSolution
		HideSolutionNode = FALSE
	EndGlobalSection
	GlobalSection(ExtensibilityGlobals) = postSolution
		SolutionGuid = {2A705E24-29D5-4B14-B9B0-F0BEADD8A594}
	EndGlobalSection
EndGlobal
